
Microsoft Visual Studio Solution File, Format Version 12.00
# Visual Studio Version 17
VisualStudioVersion = 17.9.34622.214
MinimumVisualStudioVersion = 10.0.40219.1
Project("{FAE04EC0-301F-11D3-BF4B-00C04F79EFBC}") = "X-O-X uygulaması", "X-O-X uygulaması\X-O-X uygulaması.csproj", "{5CE1EFB5-6C61-43EF-89DB-C5D45CC281E2}"
EndProject
Global
	GlobalSection(SolutionConfigurationPlatforms) = preSolution
		Debug|Any CPU = Debug|Any CPU
		Release|Any CPU = Release|Any CPU
	EndGlobalSection
	GlobalSection(ProjectConfigurationPlatforms) = postSolution
		{5CE1EFB5-6C61-43EF-89DB-C5D45CC281E2}.Debug|Any CPU.ActiveCfg = Debug|Any CPU
		{5CE1EFB5-6C61-43EF-89DB-C5D45CC281E2}.Debug|Any CPU.Build.0 = Debug|Any CPU
		{5CE1EFB5-6C61-43EF-89DB-C5D45CC281E2}.Release|Any CPU.ActiveCfg = Release|Any CPU
		{5CE1EFB5-6C61-43EF-89DB-C5D45CC281E2}.Release|Any CPU.Build.0 = Release|Any CPU
	EndGlobalSection
	GlobalSection(SolutionProperties) = preSolution
		HideSolutionNode = FALSE
	EndGlobalSection
	GlobalSection(ExtensibilityGlobals) = postSolution
		SolutionGuid = {73DE092B-3050-40A4-861E-061B5B9EC239}
	EndGlobalSection
EndGlobal
